dependencies:
- name: frontend
  repository: file://../frontend
  version: 0.1.0
- name: backend-service
  repository: file://../backend-service
  version: 0.1.0
- name: backend-service
  repository: file://../backend-service
  version: 0.1.0
- name: backend-service
  repository: file://../backend-service
  version: 0.1.0
- name: backend-service
  repository: file://../backend-service
  version: 0.1.0
- name: backend-service
  repository: file://../backend-service
  version: 0.1.0
- name: backend-service
  repository: file://../backend-service
  version: 0.1.0
- name: backend-service
  repository: file://../backend-service
  version: 0.1.0
- name: backend-service
  repository: file://../backend-service
  version: 0.1.0
- name: backend-service
  repository: file://../backend-service
  version: 0.1.0
- name: backend-service
  repository: file://../backend-service
  version: 0.1.0
- name: backend-service
  repository: file://../backend-service
  version: 0.1.0
- name: backend-service
  repository: file://../backend-service
  version: 0.1.0
- name: backend-service
  repository: file://../backend-service
  version: 0.1.0
- name: backend-service
  repository: file://../backend-service
  version: 0.1.0
- name: backend-service
  repository: file://../backend-service
  version: 0.1.0
digest: sha256:278dd724f7576a5e9144e9bd7a63ba4aea08db906e926b0f0db76cb36600f75c
generated: "2023-03-19T22:13:51.918369+07:00"
