dependencies:
- name: frontend
  repository: file://../frontend
  version: 0.1.0
- name: backend-service
  repository: file://../backend-service
  version: 0.1.0
- name: backend-service
  repository: file://../backend-service
  version: 0.1.0
- name: backend-service
  repository: file://../backend-service
  version: 0.1.0
- name: backend-service
  repository: file://../backend-service
  version: 0.1.0
- name: backend-service
  repository: file://../backend-service
  version: 0.1.0
- name: backend-service
  repository: file://../backend-service
  version: 0.1.0
- name: backend-service
  repository: file://../backend-service
  version: 0.1.0
- name: backend-service
  repository: file://../backend-service
  version: 0.1.0
- name: backend-service
  repository: file://../backend-service
  version: 0.1.0
- name: backend-service
  repository: file://../backend-service
  version: 0.1.0
- name: backend-service
  repository: file://../backend-service
  version: 0.1.0
- name: backend-service
  repository: file://../backend-service
  version: 0.1.0
- name: backend-service
  repository: file://../backend-service
  version: 0.1.0
- name: backend-service
  repository: file://../backend-service
  version: 0.1.0
- name: backend-service
  repository: file://../backend-service
  version: 0.1.0
